# This file is generated by running "yarn install" inside your project.
# Manual changes might be lost - proceed with caution!

__metadata:
  version: 8
  cacheKey: 10

"@biomejs/biome@npm:^1.8.3":
  version: 1.8.3
  resolution: "@biomejs/biome@npm:1.8.3"
  dependencies:
    "@biomejs/cli-darwin-arm64": "npm:1.8.3"
    "@biomejs/cli-darwin-x64": "npm:1.8.3"
    "@biomejs/cli-linux-arm64": "npm:1.8.3"
    "@biomejs/cli-linux-arm64-musl": "npm:1.8.3"
    "@biomejs/cli-linux-x64": "npm:1.8.3"
    "@biomejs/cli-linux-x64-musl": "npm:1.8.3"
    "@biomejs/cli-win32-arm64": "npm:1.8.3"
    "@biomejs/cli-win32-x64": "npm:1.8.3"
  dependenciesMeta:
    "@biomejs/cli-darwin-arm64":
      optional: true
    "@biomejs/cli-darwin-x64":
      optional: true
    "@biomejs/cli-linux-arm64":
      optional: true
    "@biomejs/cli-linux-arm64-musl":
      optional: true
    "@biomejs/cli-linux-x64":
      optional: true
    "@biomejs/cli-linux-x64-musl":
      optional: true
    "@biomejs/cli-win32-arm64":
      optional: true
    "@biomejs/cli-win32-x64":
      optional: true
  bin:
    biome: bin/biome
  checksum: 10/62dfa5147712ef21c384ea7b3c93c0ccac58291a85f2bbd2dee22c8381da5e347cd07bdb7bfcafcecb07fc112349e9d101e697774155553bde987fd47f9b12a1
  languageName: node
  linkType: hard

"@biomejs/cli-darwin-arm64@npm:1.8.3":
  version: 1.8.3
  resolution: "@biomejs/cli-darwin-arm64@npm:1.8.3"
  conditions: os=darwin & cpu=arm64
  languageName: node
  linkType: hard

"@biomejs/cli-darwin-x64@npm:1.8.3":
  version: 1.8.3
  resolution: "@biomejs/cli-darwin-x64@npm:1.8.3"
  conditions: os=darwin & cpu=x64
  languageName: node
  linkType: hard

"@biomejs/cli-linux-arm64-musl@npm:1.8.3":
  version: 1.8.3
  resolution: "@biomejs/cli-linux-arm64-musl@npm:1.8.3"
  conditions: os=linux & cpu=arm64 & libc=musl
  languageName: node
  linkType: hard

"@biomejs/cli-linux-arm64@npm:1.8.3":
  version: 1.8.3
  resolution: "@biomejs/cli-linux-arm64@npm:1.8.3"
  conditions: os=linux & cpu=arm64 & libc=glibc
  languageName: node
  linkType: hard

"@biomejs/cli-linux-x64-musl@npm:1.8.3":
  version: 1.8.3
  resolution: "@biomejs/cli-linux-x64-musl@npm:1.8.3"
  conditions: os=linux & cpu=x64 & libc=musl
  languageName: node
  linkType: hard

"@biomejs/cli-linux-x64@npm:1.8.3":
  version: 1.8.3
  resolution: "@biomejs/cli-linux-x64@npm:1.8.3"
  conditions: os=linux & cpu=x64 & libc=glibc
  languageName: node
  linkType: hard

"@biomejs/cli-win32-arm64@npm:1.8.3":
  version: 1.8.3
  resolution: "@biomejs/cli-win32-arm64@npm:1.8.3"
  conditions: os=win32 & cpu=arm64
  languageName: node
  linkType: hard

"@biomejs/cli-win32-x64@npm:1.8.3":
  version: 1.8.3
  resolution: "@biomejs/cli-win32-x64@npm:1.8.3"
  conditions: os=win32 & cpu=x64
  languageName: node
  linkType: hard

"@codemirror/language@npm:^6.10.2":
  version: 6.10.2
  resolution: "@codemirror/language@npm:6.10.2"
  dependencies:
    "@codemirror/state": "npm:^6.0.0"
    "@codemirror/view": "npm:^6.23.0"
    "@lezer/common": "npm:^1.1.0"
    "@lezer/highlight": "npm:^1.0.0"
    "@lezer/lr": "npm:^1.0.0"
    style-mod: "npm:^4.0.0"
  checksum: 10/ac78c639d2696a2d1f29b934c623fa599f5e32a64affb0a35526822dcbec22adb80fe4891d9c90e5a2cb5d56ed1578e97860050561d3aee6ee029f8af3c7f925
  languageName: node
  linkType: hard

"@codemirror/state@npm:^6.0.0, @codemirror/state@npm:^6.4.0, @codemirror/state@npm:^6.4.1":
  version: 6.4.1
  resolution: "@codemirror/state@npm:6.4.1"
  checksum: 10/a9ec56c7d7d52034ce8ebea3a9a4d216b9e972d701b32b5000e56c97790d0d46af129aeba0b80bed36648b4024b3ba3e4910cf5bfed11de4a9e89252e0707a70
  languageName: node
  linkType: hard

"@codemirror/view@npm:^6.23.0, @codemirror/view@npm:^6.28.5":
  version: 6.28.5
  resolution: "@codemirror/view@npm:6.28.5"
  dependencies:
    "@codemirror/state": "npm:^6.4.0"
    style-mod: "npm:^4.1.0"
    w3c-keyname: "npm:^2.2.4"
  checksum: 10/89f5d789176f87fa652dd761c98bc40bf7dee92d4d8a0fa3914a558bd590d9774df6d97a7c78874355871088651b34d2f78e4868e1e8f285a28891104de1564c
  languageName: node
  linkType: hard

"@esbuild/aix-ppc64@npm:0.23.0":
  version: 0.23.0
  resolution: "@esbuild/aix-ppc64@npm:0.23.0"
  conditions: os=aix & cpu=ppc64
  languageName: node
  linkType: hard

"@esbuild/android-arm64@npm:0.23.0":
  version: 0.23.0
  resolution: "@esbuild/android-arm64@npm:0.23.0"
  conditions: os=android & cpu=arm64
  languageName: node
  linkType: hard

"@esbuild/android-arm@npm:0.23.0":
  version: 0.23.0
  resolution: "@esbuild/android-arm@npm:0.23.0"
  conditions: os=android & cpu=arm
  languageName: node
  linkType: hard

"@esbuild/android-x64@npm:0.23.0":
  version: 0.23.0
  resolution: "@esbuild/android-x64@npm:0.23.0"
  conditions: os=android & cpu=x64
  languageName: node
  linkType: hard

"@esbuild/darwin-arm64@npm:0.23.0":
  version: 0.23.0
  resolution: "@esbuild/darwin-arm64@npm:0.23.0"
  conditions: os=darwin & cpu=arm64
  languageName: node
  linkType: hard

"@esbuild/darwin-x64@npm:0.23.0":
  version: 0.23.0
  resolution: "@esbuild/darwin-x64@npm:0.23.0"
  conditions: os=darwin & cpu=x64
  languageName: node
  linkType: hard

"@esbuild/freebsd-arm64@npm:0.23.0":
  version: 0.23.0
  resolution: "@esbuild/freebsd-arm64@npm:0.23.0"
  conditions: os=freebsd & cpu=arm64
  languageName: node
  linkType: hard

"@esbuild/freebsd-x64@npm:0.23.0":
  version: 0.23.0
  resolution: "@esbuild/freebsd-x64@npm:0.23.0"
  conditions: os=freebsd & cpu=x64
  languageName: node
  linkType: hard

"@esbuild/linux-arm64@npm:0.23.0":
  version: 0.23.0
  resolution: "@esbuild/linux-arm64@npm:0.23.0"
  conditions: os=linux & cpu=arm64
  languageName: node
  linkType: hard

"@esbuild/linux-arm@npm:0.23.0":
  version: 0.23.0
  resolution: "@esbuild/linux-arm@npm:0.23.0"
  conditions: os=linux & cpu=arm
  languageName: node
  linkType: hard

"@esbuild/linux-ia32@npm:0.23.0":
  version: 0.23.0
  resolution: "@esbuild/linux-ia32@npm:0.23.0"
  conditions: os=linux & cpu=ia32
  languageName: node
  linkType: hard

"@esbuild/linux-loong64@npm:0.23.0":
  version: 0.23.0
  resolution: "@esbuild/linux-loong64@npm:0.23.0"
  conditions: os=linux & cpu=loong64
  languageName: node
  linkType: hard

"@esbuild/linux-mips64el@npm:0.23.0":
  version: 0.23.0
  resolution: "@esbuild/linux-mips64el@npm:0.23.0"
  conditions: os=linux & cpu=mips64el
  languageName: node
  linkType: hard

"@esbuild/linux-ppc64@npm:0.23.0":
  version: 0.23.0
  resolution: "@esbuild/linux-ppc64@npm:0.23.0"
  conditions: os=linux & cpu=ppc64
  languageName: node
  linkType: hard

"@esbuild/linux-riscv64@npm:0.23.0":
  version: 0.23.0
  resolution: "@esbuild/linux-riscv64@npm:0.23.0"
  conditions: os=linux & cpu=riscv64
  languageName: node
  linkType: hard

"@esbuild/linux-s390x@npm:0.23.0":
  version: 0.23.0
  resolution: "@esbuild/linux-s390x@npm:0.23.0"
  conditions: os=linux & cpu=s390x
  languageName: node
  linkType: hard

"@esbuild/linux-x64@npm:0.23.0":
  version: 0.23.0
  resolution: "@esbuild/linux-x64@npm:0.23.0"
  conditions: os=linux & cpu=x64
  languageName: node
  linkType: hard

"@esbuild/netbsd-x64@npm:0.23.0":
  version: 0.23.0
  resolution: "@esbuild/netbsd-x64@npm:0.23.0"
  conditions: os=netbsd & cpu=x64
  languageName: node
  linkType: hard

"@esbuild/openbsd-arm64@npm:0.23.0":
  version: 0.23.0
  resolution: "@esbuild/openbsd-arm64@npm:0.23.0"
  conditions: os=openbsd & cpu=arm64
  languageName: node
  linkType: hard

"@esbuild/openbsd-x64@npm:0.23.0":
  version: 0.23.0
  resolution: "@esbuild/openbsd-x64@npm:0.23.0"
  conditions: os=openbsd & cpu=x64
  languageName: node
  linkType: hard

"@esbuild/sunos-x64@npm:0.23.0":
  version: 0.23.0
  resolution: "@esbuild/sunos-x64@npm:0.23.0"
  conditions: os=sunos & cpu=x64
  languageName: node
  linkType: hard

"@esbuild/win32-arm64@npm:0.23.0":
  version: 0.23.0
  resolution: "@esbuild/win32-arm64@npm:0.23.0"
  conditions: os=win32 & cpu=arm64
  languageName: node
  linkType: hard

"@esbuild/win32-ia32@npm:0.23.0":
  version: 0.23.0
  resolution: "@esbuild/win32-ia32@npm:0.23.0"
  conditions: os=win32 & cpu=ia32
  languageName: node
  linkType: hard

"@esbuild/win32-x64@npm:0.23.0":
  version: 0.23.0
  resolution: "@esbuild/win32-x64@npm:0.23.0"
  conditions: os=win32 & cpu=x64
  languageName: node
  linkType: hard

"@lezer/common@npm:^1.0.0, @lezer/common@npm:^1.1.0":
  version: 1.2.1
  resolution: "@lezer/common@npm:1.2.1"
  checksum: 10/b362ed2e97664e4b36b3dbff49b52d1bfc5accc0152b577fefd46e585d012ff685d1fd336d75d80066e01c0505b1135d4cf69be5e330b5bfec2e2650c437bcae
  languageName: node
  linkType: hard

"@lezer/highlight@npm:^1.0.0":
  version: 1.2.0
  resolution: "@lezer/highlight@npm:1.2.0"
  dependencies:
    "@lezer/common": "npm:^1.0.0"
  checksum: 10/14a80cbfb0cd1ce716decb4f3a045d42e7146f539cfd483b62ce46c4586a26d2f4fbdc35ace1cad81645304be4d30eafb95a2b057c34dfd471d56c7fbd82df3a
  languageName: node
  linkType: hard

"@lezer/lr@npm:^1.0.0":
  version: 1.4.1
  resolution: "@lezer/lr@npm:1.4.1"
  dependencies:
    "@lezer/common": "npm:^1.0.0"
  checksum: 10/6b5e155188f868cf3a86e051453ca5e3d98c6bddcd06601b51d7313bba33385ee128e79ccf841c1d72f3e887cddcd31648524400e7a9da33f92647ac5052c5ed
  languageName: node
  linkType: hard

"@types/codemirror@npm:5.60.8":
  version: 5.60.8
  resolution: "@types/codemirror@npm:5.60.8"
  dependencies:
    "@types/tern": "npm:*"
  checksum: 10/1c5431cacc97a4c4a4b12a484b6d3bf32f745ffa444095087437204395e239b26b44903706ab29ff413759ea17e3be9a12caf399db09e34a359b2e4f99fce785
  languageName: node
  linkType: hard

"@types/culori@npm:^2.1.1":
  version: 2.1.1
  resolution: "@types/culori@npm:2.1.1"
  checksum: 10/b8b8066bd6996fc4c323f0bad3bb923a6082b17f26aade28c309dcfd98f65ef1800fcf7c2f532b8a670f126b8f70cba68f5c2915a96730e80ff5f967de8492f2
  languageName: node
  linkType: hard

"@types/estree@npm:*":
  version: 1.0.5
  resolution: "@types/estree@npm:1.0.5"
  checksum: 10/7de6d928dd4010b0e20c6919e1a6c27b61f8d4567befa89252055fad503d587ecb9a1e3eab1b1901f923964d7019796db810b7fd6430acb26c32866d126fd408
  languageName: node
  linkType: hard

"@types/node@npm:^20.14.11":
  version: 20.14.11
  resolution: "@types/node@npm:20.14.11"
  dependencies:
    undici-types: "npm:~5.26.4"
  checksum: 10/344e1ce1ed16c86ed1c4209ab4d1de67db83dd6b694a6fabe295c47144dde2c58dabddae9f39a0a2bdd246e95f8d141ccfe848e464884b48b8918df4f7788025
  languageName: node
  linkType: hard

"@types/tern@npm:*":
  version: 0.23.9
  resolution: "@types/tern@npm:0.23.9"
  dependencies:
    "@types/estree": "npm:*"
  checksum: 10/72d26a1abc2b13aa7ee6a34abc0558bfbff1f977beb1c9f2554c4193c6cfc7e1677e4f84663d3f971135b436c5b847f170c74c3b1d6c320e08a1aba7e83cc3c2
  languageName: node
  linkType: hard

"builtin-modules@npm:3.3.0":
  version: 3.3.0
  resolution: "builtin-modules@npm:3.3.0"
  checksum: 10/62e063ab40c0c1efccbfa9ffa31873e4f9d57408cb396a2649981a0ecbce56aabc93c28feaccbc5658c95aab2703ad1d11980e62ec2e5e72637404e1eb60f39e
  languageName: node
  linkType: hard

"culori@npm:^4.0.1":
  version: 4.0.1
  resolution: "culori@npm:4.0.1"
  checksum: 10/8751ea969bfa7d89fdd7dbc67d6bb37a10c459416574b26853b099f7a0c068d0d29942b3c034f60092f4593faa4e7008e0aca743a418f815fac19939332c4bea
  languageName: node
  linkType: hard

"esbuild@npm:0.23.0":
  version: 0.23.0
  resolution: "esbuild@npm:0.23.0"
  dependencies:
    "@esbuild/aix-ppc64": "npm:0.23.0"
    "@esbuild/android-arm": "npm:0.23.0"
    "@esbuild/android-arm64": "npm:0.23.0"
    "@esbuild/android-x64": "npm:0.23.0"
    "@esbuild/darwin-arm64": "npm:0.23.0"
    "@esbuild/darwin-x64": "npm:0.23.0"
    "@esbuild/freebsd-arm64": "npm:0.23.0"
    "@esbuild/freebsd-x64": "npm:0.23.0"
    "@esbuild/linux-arm": "npm:0.23.0"
    "@esbuild/linux-arm64": "npm:0.23.0"
    "@esbuild/linux-ia32": "npm:0.23.0"
    "@esbuild/linux-loong64": "npm:0.23.0"
    "@esbuild/linux-mips64el": "npm:0.23.0"
    "@esbuild/linux-ppc64": "npm:0.23.0"
    "@esbuild/linux-riscv64": "npm:0.23.0"
    "@esbuild/linux-s390x": "npm:0.23.0"
    "@esbuild/linux-x64": "npm:0.23.0"
    "@esbuild/netbsd-x64": "npm:0.23.0"
    "@esbuild/openbsd-arm64": "npm:0.23.0"
    "@esbuild/openbsd-x64": "npm:0.23.0"
    "@esbuild/sunos-x64": "npm:0.23.0"
    "@esbuild/win32-arm64": "npm:0.23.0"
    "@esbuild/win32-ia32": "npm:0.23.0"
    "@esbuild/win32-x64": "npm:0.23.0"
  dependenciesMeta:
    "@esbuild/aix-ppc64":
      optional: true
    "@esbuild/android-arm":
      optional: true
    "@esbuild/android-arm64":
      optional: true
    "@esbuild/android-x64":
      optional: true
    "@esbuild/darwin-arm64":
      optional: true
    "@esbuild/darwin-x64":
      optional: true
    "@esbuild/freebsd-arm64":
      optional: true
    "@esbuild/freebsd-x64":
      optional: true
    "@esbuild/linux-arm":
      optional: true
    "@esbuild/linux-arm64":
      optional: true
    "@esbuild/linux-ia32":
      optional: true
    "@esbuild/linux-loong64":
      optional: true
    "@esbuild/linux-mips64el":
      optional: true
    "@esbuild/linux-ppc64":
      optional: true
    "@esbuild/linux-riscv64":
      optional: true
    "@esbuild/linux-s390x":
      optional: true
    "@esbuild/linux-x64":
      optional: true
    "@esbuild/netbsd-x64":
      optional: true
    "@esbuild/openbsd-arm64":
      optional: true
    "@esbuild/openbsd-x64":
      optional: true
    "@esbuild/sunos-x64":
      optional: true
    "@esbuild/win32-arm64":
      optional: true
    "@esbuild/win32-ia32":
      optional: true
    "@esbuild/win32-x64":
      optional: true
  bin:
    esbuild: bin/esbuild
  checksum: 10/d3d91bf9ca73ba33966fc54cabb321eca770a5e2ff5b34d67e4235c94560cfd881803e39fcaa31d842579d10600da5201c5f597f8438679f6db856f75ded7124
  languageName: node
  linkType: hard

"moment@npm:2.29.4":
  version: 2.29.4
  resolution: "moment@npm:2.29.4"
  checksum: 10/157c5af5a0ba8196e577bc67feb583303191d21ba1f7f2af30b3b40d4c63a64d505ba402be2a1454832082fac6be69db1e0d186c3279dae191e6634b0c33705c
  languageName: node
  linkType: hard

"obsidian-css-inlay-colors@workspace:.":
  version: 0.0.0-use.local
  resolution: "obsidian-css-inlay-colors@workspace:."
  dependencies:
    "@biomejs/biome": "npm:^1.8.3"
    "@codemirror/language": "npm:^6.10.2"
    "@codemirror/state": "npm:^6.4.1"
    "@codemirror/view": "npm:^6.28.5"
    "@types/culori": "npm:^2.1.1"
    "@types/node": "npm:^20.14.11"
    builtin-modules: "npm:3.3.0"
    culori: "npm:^4.0.1"
    esbuild: "npm:0.23.0"
    obsidian: "npm:latest"
    tslib: "npm:2.6.3"
    typescript: "npm:5.5.3"
  languageName: unknown
  linkType: soft

"obsidian@npm:latest":
  version: 1.6.6
  resolution: "obsidian@npm:1.6.6"
  dependencies:
    "@types/codemirror": "npm:5.60.8"
    moment: "npm:2.29.4"
  peerDependencies:
    "@codemirror/state": ^6.0.0
    "@codemirror/view": ^6.0.0
  checksum: 10/47f2aa76a0c0ba5c2e71e0dde717985f699d44dfdaccddfca8852d4bd2992468efdc57a679b3f0caf656cef7a8620281826967824a6fe632a1266f644ebf8b53
  languageName: node
  linkType: hard

"style-mod@npm:^4.0.0, style-mod@npm:^4.1.0":
  version: 4.1.2
  resolution: "style-mod@npm:4.1.2"
  checksum: 10/9da37909d6dbc3c043ab6d18da5d997073a4698c91e86058293252493eb18aca4e44e3fb18f32fcee26dcee8785f393c6c95f3c96cc722a0dd6b8de622b5b293
  languageName: node
  linkType: hard

"tslib@npm:2.6.3":
  version: 2.6.3
  resolution: "tslib@npm:2.6.3"
  checksum: 10/52109bb681f8133a2e58142f11a50e05476de4f075ca906d13b596ae5f7f12d30c482feb0bff167ae01cfc84c5803e575a307d47938999246f5a49d174fc558c
  languageName: node
  linkType: hard

"typescript@npm:5.5.3":
  version: 5.5.3
  resolution: "typescript@npm:5.5.3"
  bin:
    tsc: bin/tsc
    tsserver: bin/tsserver
  checksum: 10/11a867312419ed497929aafd2f1d28b2cd41810a5eb6c6e9e169559112e9ea073d681c121a29102e67cd4478d0a4ae37a306a5800f3717f59c4337e6a9bd5e8d
  languageName: node
  linkType: hard

"typescript@patch:typescript@npm%3A5.5.3#optional!builtin<compat/typescript>":
  version: 5.5.3
  resolution: "typescript@patch:typescript@npm%3A5.5.3#optional!builtin<compat/typescript>::version=5.5.3&hash=379a07"
  bin:
    tsc: bin/tsc
    tsserver: bin/tsserver
  checksum: 10/7cf7acb78a80f749b82842f2ffe01e90e7b3e709a6f4268588e0b7599c41dca1059be217f47778fe1a380bfaf60933021ef20d002c426d4d7745e1b36c11467b
  languageName: node
  linkType: hard

"undici-types@npm:~5.26.4":
  version: 5.26.5
  resolution: "undici-types@npm:5.26.5"
  checksum: 10/0097779d94bc0fd26f0418b3a05472410408877279141ded2bd449167be1aed7ea5b76f756562cb3586a07f251b90799bab22d9019ceba49c037c76445f7cddd
  languageName: node
  linkType: hard

"w3c-keyname@npm:^2.2.4":
  version: 2.2.8
  resolution: "w3c-keyname@npm:2.2.8"
  checksum: 10/95bafa4c04fa2f685a86ca1000069c1ec43ace1f8776c10f226a73296caeddd83f893db885c2c220ebeb6c52d424e3b54d7c0c1e963bbf204038ff1a944fbb07
  languageName: node
  linkType: hard
